// !$*UTF8*$!
{
	archiveVersion = 1;
	classes = {
	};
	objectVersion = 46;
	objects = {

/* Begin PBXBuildFile section */
		7290E5291E82A104008F1B9F /* PeerCommunication.cpp in Sources */ = {isa = PBXBuildFile; fileRef = 7290E5271E82A104008F1B9F /* PeerCommunication.cpp */; };
		7290E5411E82A5AC008F1B9F /* libboost_system.dylib in Frameworks */ = {isa = PBXBuildFile; fileRef = 7290E5401E82A5AC008F1B9F /* libboost_system.dylib */; };
		72A915341E68919200D8E032 /* libcurl.4.dylib in Frameworks */ = {isa = PBXBuildFile; fileRef = 72A915331E68919200D8E032 /* libcurl.4.dylib */; };
		72A915371E689AAB00D8E032 /* HttpResponse.cpp in Sources */ = {isa = PBXBuildFile; fileRef = 72A915351E689AAB00D8E032 /* HttpResponse.cpp */; };
		72A9153B1E689C5600D8E032 /* Communication.cpp in Sources */ = {isa = PBXBuildFile; fileRef = 72A915391E689C5600D8E032 /* Communication.cpp */; };
		72A9153E1E68D68500D8E032 /* LogInScreen.cpp in Sources */ = {isa = PBXBuildFile; fileRef = 72A9153C1E68D68500D8E032 /* LogInScreen.cpp */; };
		72A915411E68D6EB00D8E032 /* Screen.cpp in Sources */ = {isa = PBXBuildFile; fileRef = 72A9153F1E68D6EB00D8E032 /* Screen.cpp */; };
		72A915481E68DD8300D8E032 /* Button.cpp in Sources */ = {isa = PBXBuildFile; fileRef = 72A915421E68DD8300D8E032 /* Button.cpp */; };
		72A915491E68DD8300D8E032 /* RectButton.cpp in Sources */ = {isa = PBXBuildFile; fileRef = 72A915441E68DD8300D8E032 /* RectButton.cpp */; };
		72A9154A1E68DD8300D8E032 /* SelectorButton.cpp in Sources */ = {isa = PBXBuildFile; fileRef = 72A915461E68DD8300D8E032 /* SelectorButton.cpp */; };
		72A9154E1E68E29500D8E032 /* Texture.cpp in Sources */ = {isa = PBXBuildFile; fileRef = 72A9154C1E68E29500D8E032 /* Texture.cpp */; };
		72A9155B1E68E56C00D8E032 /* BaseInput.cpp in Sources */ = {isa = PBXBuildFile; fileRef = 72A915571E68E56C00D8E032 /* BaseInput.cpp */; };
		72A9155C1E68E56C00D8E032 /* TextInput.cpp in Sources */ = {isa = PBXBuildFile; fileRef = 72A915591E68E56C00D8E032 /* TextInput.cpp */; };
		72A9155F1E699D3700D8E032 /* CellTexture.cpp in Sources */ = {isa = PBXBuildFile; fileRef = 72A9155D1E699D3700D8E032 /* CellTexture.cpp */; };
		72A915671E6CC66B00D8E032 /* PasswordInput.cpp in Sources */ = {isa = PBXBuildFile; fileRef = 72A915651E6CC66B00D8E032 /* PasswordInput.cpp */; };
		72A9156A1E6CD44600D8E032 /* BoardVerifier.cpp in Sources */ = {isa = PBXBuildFile; fileRef = 72A915681E6CD44600D8E032 /* BoardVerifier.cpp */; };
		72BF1A1C1E659D01006AF761 /* main.cpp in Sources */ = {isa = PBXBuildFile; fileRef = 72BF1A1B1E659D01006AF761 /* main.cpp */; };
		72BF1A241E659F4E006AF761 /* ChessScreen.cpp in Sources */ = {isa = PBXBuildFile; fileRef = 72BF1A221E659F4E006AF761 /* ChessScreen.cpp */; };
		72BF1A2A1E659FEB006AF761 /* SDL2_image.framework in Frameworks */ = {isa = PBXBuildFile; fileRef = 72BF1A261E659FEB006AF761 /* SDL2_image.framework */; };
		72BF1A2B1E659FEB006AF761 /* SDL2_mixer.framework in Frameworks */ = {isa = PBXBuildFile; fileRef = 72BF1A271E659FEB006AF761 /* SDL2_mixer.framework */; };
		72BF1A2C1E659FEB006AF761 /* SDL2_ttf.framework in Frameworks */ = {isa = PBXBuildFile; fileRef = 72BF1A281E659FEB006AF761 /* SDL2_ttf.framework */; };
		72BF1A2D1E659FEB006AF761 /* SDL2.framework in Frameworks */ = {isa = PBXBuildFile; fileRef = 72BF1A291E659FEB006AF761 /* SDL2.framework */; };
		72BF1A301E65A024006AF761 /* Window.cpp in Sources */ = {isa = PBXBuildFile; fileRef = 72BF1A2E1E65A024006AF761 /* Window.cpp */; };
		72BF1A331E65A0FC006AF761 /* Font.cpp in Sources */ = {isa = PBXBuildFile; fileRef = 72BF1A311E65A0FC006AF761 /* Font.cpp */; };
		72BF1A361E65A103006AF761 /* Handler.cpp in Sources */ = {isa = PBXBuildFile; fileRef = 72BF1A341E65A103006AF761 /* Handler.cpp */; };
		72BF1A421E65A432006AF761 /* Chess.cpp in Sources */ = {isa = PBXBuildFile; fileRef = 72BF1A401E65A432006AF761 /* Chess.cpp */; };
		72BF1A451E65AA08006AF761 /* Cell.cpp in Sources */ = {isa = PBXBuildFile; fileRef = 72BF1A431E65AA08006AF761 /* Cell.cpp */; };
		72BF1A4C1E67307E006AF761 /* Piece.cpp in Sources */ = {isa = PBXBuildFile; fileRef = 72BF1A4A1E67307E006AF761 /* Piece.cpp */; };
		72BF1A501E67352F006AF761 /* Pawn.cpp in Sources */ = {isa = PBXBuildFile; fileRef = 72BF1A4E1E67352F006AF761 /* Pawn.cpp */; };
		72BF1A531E673BEE006AF761 /* Rook.cpp in Sources */ = {isa = PBXBuildFile; fileRef = 72BF1A511E673BEE006AF761 /* Rook.cpp */; };
		72BF1A571E673C76006AF761 /* Knight.cpp in Sources */ = {isa = PBXBuildFile; fileRef = 72BF1A551E673C76006AF761 /* Knight.cpp */; };
		72BF1A5A1E673CC2006AF761 /* Bishop.cpp in Sources */ = {isa = PBXBuildFile; fileRef = 72BF1A581E673CC2006AF761 /* Bishop.cpp */; };
		72BF1A5D1E673D17006AF761 /* Queen.cpp in Sources */ = {isa = PBXBuildFile; fileRef = 72BF1A5B1E673D17006AF761 /* Queen.cpp */; };
		72BF1A601E673D56006AF761 /* King.cpp in Sources */ = {isa = PBXBuildFile; fileRef = 72BF1A5E1E673D56006AF761 /* King.cpp */; };
		72F4DBF01E71993A00F7B270 /* CellVerifier.cpp in Sources */ = {isa = PBXBuildFile; fileRef = 72F4DBEE1E71993A00F7B270 /* CellVerifier.cpp */; };
/* End PBXBuildFile section */

/* Begin PBXCopyFilesBuildPhase section */
		72BF1A161E659D01006AF761 /* CopyFiles */ = {
			isa = PBXCopyFilesBuildPhase;
			buildActionMask = 2147483647;
			dstPath = /usr/share/man/man1/;
			dstSubfolderSpec = 0;
			files = (
			);
			runOnlyForDeploymentPostprocessing = 1;
		};
/* End PBXCopyFilesBuildPhase section */

/* Begin PBXFileReference section */
		7290E5271E82A104008F1B9F /* PeerCommunication.cpp */ = {isa = PBXFileReference; fileEncoding = 4; lastKnownFileType = sourcecode.cpp.cpp; name = PeerCommunication.cpp; path = Communication/PeerCommunication.cpp; sourceTree = "<group>"; };
		7290E5281E82A104008F1B9F /* PeerCommunication.hpp */ = {isa = PBXFileReference; fileEncoding = 4; lastKnownFileType = sourcecode.cpp.h; name = PeerCommunication.hpp; path = Communication/PeerCommunication.hpp; sourceTree = "<group>"; };
		7290E5401E82A5AC008F1B9F /* libboost_system.dylib */ = {isa = PBXFileReference; lastKnownFileType = "compiled.mach-o.dylib"; name = libboost_system.dylib; path = ../../../../../../../usr/local/Cellar/boost/1.63.0/lib/libboost_system.dylib; sourceTree = "<group>"; };
		72A915331E68919200D8E032 /* libcurl.4.dylib */ = {isa = PBXFileReference; lastKnownFileType = "compiled.mach-o.dylib"; name = libcurl.4.dylib; path = ../../../../../../../usr/local/lib/libcurl.4.dylib; sourceTree = "<group>"; };
		72A915351E689AAB00D8E032 /* HttpResponse.cpp */ = {isa = PBXFileReference; fileEncoding = 4; lastKnownFileType = sourcecode.cpp.cpp; name = HttpResponse.cpp; path = Communication/HttpResponse.cpp; sourceTree = "<group>"; };
		72A915361E689AAB00D8E032 /* HttpResponse.hpp */ = {isa = PBXFileReference; fileEncoding = 4; lastKnownFileType = sourcecode.cpp.h; name = HttpResponse.hpp; path = Communication/HttpResponse.hpp; sourceTree = "<group>"; };
		72A915391E689C5600D8E032 /* Communication.cpp */ = {isa = PBXFileReference; fileEncoding = 4; lastKnownFileType = sourcecode.cpp.cpp; name = Communication.cpp; path = Communication/Communication.cpp; sourceTree = "<group>"; };
		72A9153A1E689C5600D8E032 /* Communication.hpp */ = {isa = PBXFileReference; fileEncoding = 4; lastKnownFileType = sourcecode.cpp.h; name = Communication.hpp; path = Communication/Communication.hpp; sourceTree = "<group>"; };
		72A9153C1E68D68500D8E032 /* LogInScreen.cpp */ = {isa = PBXFileReference; fileEncoding = 4; lastKnownFileType = sourcecode.cpp.cpp; name = LogInScreen.cpp; path = Screens/LogInScreen.cpp; sourceTree = "<group>"; };
		72A9153D1E68D68500D8E032 /* LogInScreen.hpp */ = {isa = PBXFileReference; fileEncoding = 4; lastKnownFileType = sourcecode.cpp.h; name = LogInScreen.hpp; path = Screens/LogInScreen.hpp; sourceTree = "<group>"; };
		72A9153F1E68D6EB00D8E032 /* Screen.cpp */ = {isa = PBXFileReference; fileEncoding = 4; lastKnownFileType = sourcecode.cpp.cpp; name = Screen.cpp; path = Screens/Screen.cpp; sourceTree = "<group>"; };
		72A915401E68D6EB00D8E032 /* Screen.hpp */ = {isa = PBXFileReference; fileEncoding = 4; lastKnownFileType = sourcecode.cpp.h; name = Screen.hpp; path = Screens/Screen.hpp; sourceTree = "<group>"; };
		72A915421E68DD8300D8E032 /* Button.cpp */ = {isa = PBXFileReference; fileEncoding = 4; lastKnownFileType = sourcecode.cpp.cpp; name = Button.cpp; path = GUI_Components/Buttons/Button.cpp; sourceTree = "<group>"; };
		72A915431E68DD8300D8E032 /* Button.hpp */ = {isa = PBXFileReference; fileEncoding = 4; lastKnownFileType = sourcecode.cpp.h; name = Button.hpp; path = GUI_Components/Buttons/Button.hpp; sourceTree = "<group>"; };
		72A915441E68DD8300D8E032 /* RectButton.cpp */ = {isa = PBXFileReference; fileEncoding = 4; lastKnownFileType = sourcecode.cpp.cpp; name = RectButton.cpp; path = GUI_Components/Buttons/RectButton.cpp; sourceTree = "<group>"; };
		72A915451E68DD8300D8E032 /* RectButton.hpp */ = {isa = PBXFileReference; fileEncoding = 4; lastKnownFileType = sourcecode.cpp.h; name = RectButton.hpp; path = GUI_Components/Buttons/RectButton.hpp; sourceTree = "<group>"; };
		72A915461E68DD8300D8E032 /* SelectorButton.cpp */ = {isa = PBXFileReference; fileEncoding = 4; lastKnownFileType = sourcecode.cpp.cpp; name = SelectorButton.cpp; path = GUI_Components/Buttons/SelectorButton.cpp; sourceTree = "<group>"; };
		72A915471E68DD8300D8E032 /* SelectorButton.hpp */ = {isa = PBXFileReference; fileEncoding = 4; lastKnownFileType = sourcecode.cpp.h; name = SelectorButton.hpp; path = GUI_Components/Buttons/SelectorButton.hpp; sourceTree = "<group>"; };
		72A9154C1E68E29500D8E032 /* Texture.cpp */ = {isa = PBXFileReference; fileEncoding = 4; lastKnownFileType = sourcecode.cpp.cpp; name = Texture.cpp; path = GUI_Components/Texture/Texture.cpp; sourceTree = "<group>"; };
		72A9154D1E68E29500D8E032 /* Texture.hpp */ = {isa = PBXFileReference; fileEncoding = 4; lastKnownFileType = sourcecode.cpp.h; name = Texture.hpp; path = GUI_Components/Texture/Texture.hpp; sourceTree = "<group>"; };
		72A915571E68E56C00D8E032 /* BaseInput.cpp */ = {isa = PBXFileReference; fileEncoding = 4; lastKnownFileType = sourcecode.cpp.cpp; name = BaseInput.cpp; path = GUI_Components/Input/BaseInput.cpp; sourceTree = "<group>"; };
		72A915581E68E56C00D8E032 /* BaseInput.hpp */ = {isa = PBXFileReference; fileEncoding = 4; lastKnownFileType = sourcecode.cpp.h; name = BaseInput.hpp; path = GUI_Components/Input/BaseInput.hpp; sourceTree = "<group>"; };
		72A915591E68E56C00D8E032 /* TextInput.cpp */ = {isa = PBXFileReference; fileEncoding = 4; lastKnownFileType = sourcecode.cpp.cpp; name = TextInput.cpp; path = GUI_Components/Input/TextInput.cpp; sourceTree = "<group>"; };
		72A9155A1E68E56C00D8E032 /* TextInput.hpp */ = {isa = PBXFileReference; fileEncoding = 4; lastKnownFileType = sourcecode.cpp.h; name = TextInput.hpp; path = GUI_Components/Input/TextInput.hpp; sourceTree = "<group>"; };
		72A9155D1E699D3700D8E032 /* CellTexture.cpp */ = {isa = PBXFileReference; fileEncoding = 4; lastKnownFileType = sourcecode.cpp.cpp; name = CellTexture.cpp; path = GUI_Components/Texture/CellTexture.cpp; sourceTree = "<group>"; };
		72A9155E1E699D3700D8E032 /* CellTexture.hpp */ = {isa = PBXFileReference; fileEncoding = 4; lastKnownFileType = sourcecode.cpp.h; name = CellTexture.hpp; path = GUI_Components/Texture/CellTexture.hpp; sourceTree = "<group>"; };
		72A915601E69B18A00D8E032 /* json.hpp */ = {isa = PBXFileReference; fileEncoding = 4; lastKnownFileType = sourcecode.cpp.h; name = json.hpp; path = Communication/json.hpp; sourceTree = "<group>"; };
		72A915651E6CC66B00D8E032 /* PasswordInput.cpp */ = {isa = PBXFileReference; fileEncoding = 4; lastKnownFileType = sourcecode.cpp.cpp; name = PasswordInput.cpp; path = GUI_Components/Input/PasswordInput.cpp; sourceTree = "<group>"; };
		72A915661E6CC66B00D8E032 /* PasswordInput.hpp */ = {isa = PBXFileReference; fileEncoding = 4; lastKnownFileType = sourcecode.cpp.h; name = PasswordInput.hpp; path = GUI_Components/Input/PasswordInput.hpp; sourceTree = "<group>"; };
		72A915681E6CD44600D8E032 /* BoardVerifier.cpp */ = {isa = PBXFileReference; fileEncoding = 4; lastKnownFileType = sourcecode.cpp.cpp; name = BoardVerifier.cpp; path = Chess/BoardVerifier.cpp; sourceTree = "<group>"; };
		72A915691E6CD44600D8E032 /* BoardVerifier.hpp */ = {isa = PBXFileReference; fileEncoding = 4; lastKnownFileType = sourcecode.cpp.h; name = BoardVerifier.hpp; path = Chess/BoardVerifier.hpp; sourceTree = "<group>"; };
		72BF1A181E659D01006AF761 /* Chess */ = {isa = PBXFileReference; explicitFileType = "compiled.mach-o.executable"; includeInIndex = 0; path = Chess; sourceTree = BUILT_PRODUCTS_DIR; };
		72BF1A1B1E659D01006AF761 /* main.cpp */ = {isa = PBXFileReference; lastKnownFileType = sourcecode.cpp.cpp; path = main.cpp; sourceTree = "<group>"; };
		72BF1A221E659F4E006AF761 /* ChessScreen.cpp */ = {isa = PBXFileReference; fileEncoding = 4; lastKnownFileType = sourcecode.cpp.cpp; name = ChessScreen.cpp; path = Screens/ChessScreen.cpp; sourceTree = "<group>"; };
		72BF1A231E659F4E006AF761 /* ChessScreen.hpp */ = {isa = PBXFileReference; fileEncoding = 4; lastKnownFileType = sourcecode.cpp.h; name = ChessScreen.hpp; path = Screens/ChessScreen.hpp; sourceTree = "<group>"; };
		72BF1A261E659FEB006AF761 /* SDL2_image.framework */ = {isa = PBXFileReference; lastKnownFileType = wrapper.framework; name = SDL2_image.framework; path = ../../../../../../../Library/Frameworks/SDL2_image.framework; sourceTree = "<group>"; };
		72BF1A271E659FEB006AF761 /* SDL2_mixer.framework */ = {isa = PBXFileReference; lastKnownFileType = wrapper.framework; name = SDL2_mixer.framework; path = ../../../../../../../Library/Frameworks/SDL2_mixer.framework; sourceTree = "<group>"; };
		72BF1A281E659FEB006AF761 /* SDL2_ttf.framework */ = {isa = PBXFileReference; lastKnownFileType = wrapper.framework; name = SDL2_ttf.framework; path = ../../../../../../../Library/Frameworks/SDL2_ttf.framework; sourceTree = "<group>"; };
		72BF1A291E659FEB006AF761 /* SDL2.framework */ = {isa = PBXFileReference; lastKnownFileType = wrapper.framework; name = SDL2.framework; path = ../../../../../../../Library/Frameworks/SDL2.framework; sourceTree = "<group>"; };
		72BF1A2E1E65A024006AF761 /* Window.cpp */ = {isa = PBXFileReference; fileEncoding = 4; lastKnownFileType = sourcecode.cpp.cpp; name = Window.cpp; path = GUI_Components/Window/Window.cpp; sourceTree = "<group>"; };
		72BF1A2F1E65A024006AF761 /* Window.hpp */ = {isa = PBXFileReference; fileEncoding = 4; lastKnownFileType = sourcecode.cpp.h; name = Window.hpp; path = GUI_Components/Window/Window.hpp; sourceTree = "<group>"; };
		72BF1A311E65A0FC006AF761 /* Font.cpp */ = {isa = PBXFileReference; fileEncoding = 4; lastKnownFileType = sourcecode.cpp.cpp; name = Font.cpp; path = GUI_Components/Font/Font.cpp; sourceTree = "<group>"; };
		72BF1A321E65A0FC006AF761 /* Font.hpp */ = {isa = PBXFileReference; fileEncoding = 4; lastKnownFileType = sourcecode.cpp.h; name = Font.hpp; path = GUI_Components/Font/Font.hpp; sourceTree = "<group>"; };
		72BF1A341E65A103006AF761 /* Handler.cpp */ = {isa = PBXFileReference; fileEncoding = 4; lastKnownFileType = sourcecode.cpp.cpp; name = Handler.cpp; path = GUI_Components/Handler/Handler.cpp; sourceTree = "<group>"; };
		72BF1A351E65A103006AF761 /* Handler.hpp */ = {isa = PBXFileReference; fileEncoding = 4; lastKnownFileType = sourcecode.cpp.h; name = Handler.hpp; path = GUI_Components/Handler/Handler.hpp; sourceTree = "<group>"; };
		72BF1A401E65A432006AF761 /* Chess.cpp */ = {isa = PBXFileReference; fileEncoding = 4; lastKnownFileType = sourcecode.cpp.cpp; name = Chess.cpp; path = Chess/Chess.cpp; sourceTree = "<group>"; };
		72BF1A411E65A432006AF761 /* Chess.hpp */ = {isa = PBXFileReference; fileEncoding = 4; lastKnownFileType = sourcecode.cpp.h; name = Chess.hpp; path = Chess/Chess.hpp; sourceTree = "<group>"; };
		72BF1A431E65AA08006AF761 /* Cell.cpp */ = {isa = PBXFileReference; fileEncoding = 4; lastKnownFileType = sourcecode.cpp.cpp; name = Cell.cpp; path = Chess/Cell.cpp; sourceTree = "<group>"; };
		72BF1A441E65AA08006AF761 /* Cell.hpp */ = {isa = PBXFileReference; fileEncoding = 4; lastKnownFileType = sourcecode.cpp.h; name = Cell.hpp; path = Chess/Cell.hpp; sourceTree = "<group>"; };
		72BF1A4A1E67307E006AF761 /* Piece.cpp */ = {isa = PBXFileReference; fileEncoding = 4; lastKnownFileType = sourcecode.cpp.cpp; name = Piece.cpp; path = Chess/Pieces/Piece.cpp; sourceTree = "<group>"; };
		72BF1A4B1E67307E006AF761 /* Piece.hpp */ = {isa = PBXFileReference; fileEncoding = 4; lastKnownFileType = sourcecode.cpp.h; name = Piece.hpp; path = Chess/Pieces/Piece.hpp; sourceTree = "<group>"; };
		72BF1A4E1E67352F006AF761 /* Pawn.cpp */ = {isa = PBXFileReference; fileEncoding = 4; lastKnownFileType = sourcecode.cpp.cpp; name = Pawn.cpp; path = Chess/Pieces/Pawn.cpp; sourceTree = "<group>"; };
		72BF1A4F1E67352F006AF761 /* Pawn.hpp */ = {isa = PBXFileReference; fileEncoding = 4; lastKnownFileType = sourcecode.cpp.h; name = Pawn.hpp; path = Chess/Pieces/Pawn.hpp; sourceTree = "<group>"; };
		72BF1A511E673BEE006AF761 /* Rook.cpp */ = {isa = PBXFileReference; fileEncoding = 4; lastKnownFileType = sourcecode.cpp.cpp; name = Rook.cpp; path = Chess/Pieces/Rook.cpp; sourceTree = "<group>"; };
		72BF1A521E673BEE006AF761 /* Rook.hpp */ = {isa = PBXFileReference; fileEncoding = 4; lastKnownFileType = sourcecode.cpp.h; name = Rook.hpp; path = Chess/Pieces/Rook.hpp; sourceTree = "<group>"; };
		72BF1A551E673C76006AF761 /* Knight.cpp */ = {isa = PBXFileReference; fileEncoding = 4; lastKnownFileType = sourcecode.cpp.cpp; name = Knight.cpp; path = Chess/Pieces/Knight.cpp; sourceTree = "<group>"; };
		72BF1A561E673C76006AF761 /* Knight.hpp */ = {isa = PBXFileReference; fileEncoding = 4; lastKnownFileType = sourcecode.cpp.h; name = Knight.hpp; path = Chess/Pieces/Knight.hpp; sourceTree = "<group>"; };
		72BF1A581E673CC2006AF761 /* Bishop.cpp */ = {isa = PBXFileReference; fileEncoding = 4; lastKnownFileType = sourcecode.cpp.cpp; name = Bishop.cpp; path = Chess/Pieces/Bishop.cpp; sourceTree = "<group>"; };
		72BF1A591E673CC2006AF761 /* Bishop.hpp */ = {isa = PBXFileReference; fileEncoding = 4; lastKnownFileType = sourcecode.cpp.h; name = Bishop.hpp; path = Chess/Pieces/Bishop.hpp; sourceTree = "<group>"; };
		72BF1A5B1E673D17006AF761 /* Queen.cpp */ = {isa = PBXFileReference; fileEncoding = 4; lastKnownFileType = sourcecode.cpp.cpp; name = Queen.cpp; path = Chess/Pieces/Queen.cpp; sourceTree = "<group>"; };
		72BF1A5C1E673D17006AF761 /* Queen.hpp */ = {isa = PBXFileReference; fileEncoding = 4; lastKnownFileType = sourcecode.cpp.h; name = Queen.hpp; path = Chess/Pieces/Queen.hpp; sourceTree = "<group>"; };
		72BF1A5E1E673D56006AF761 /* King.cpp */ = {isa = PBXFileReference; fileEncoding = 4; lastKnownFileType = sourcecode.cpp.cpp; name = King.cpp; path = Chess/Pieces/King.cpp; sourceTree = "<group>"; };
		72BF1A5F1E673D56006AF761 /* King.hpp */ = {isa = PBXFileReference; fileEncoding = 4; lastKnownFileType = sourcecode.cpp.h; name = King.hpp; path = Chess/Pieces/King.hpp; sourceTree = "<group>"; };
		72F4DBEE1E71993A00F7B270 /* CellVerifier.cpp */ = {isa = PBXFileReference; fileEncoding = 4; lastKnownFileType = sourcecode.cpp.cpp; name = CellVerifier.cpp; path = Chess/RuleChecker/CellVerifier.cpp; sourceTree = "<group>"; };
		72F4DBEF1E71993A00F7B270 /* CellVerifier.hpp */ = {isa = PBXFileReference; fileEncoding = 4; lastKnownFileType = sourcecode.cpp.h; name = CellVerifier.hpp; path = Chess/RuleChecker/CellVerifier.hpp; sourceTree = "<group>"; };
/* End PBXFileReference section */

/* Begin PBXFrameworksBuildPhase section */
		72BF1A151E659D01006AF761 /* Frameworks */ = {
			isa = PBXFrameworksBuildPhase;
			buildActionMask = 2147483647;
			files = (
				7290E5411E82A5AC008F1B9F /* libboost_system.dylib in Frameworks */,
				72A915341E68919200D8E032 /* libcurl.4.dylib in Frameworks */,
				72BF1A2A1E659FEB006AF761 /* SDL2_image.framework in Frameworks */,
				72BF1A2B1E659FEB006AF761 /* SDL2_mixer.framework in Frameworks */,
				72BF1A2C1E659FEB006AF761 /* SDL2_ttf.framework in Frameworks */,
				72BF1A2D1E659FEB006AF761 /* SDL2.framework in Frameworks */,
			);
			runOnlyForDeploymentPostprocessing = 0;
		};
/* End PBXFrameworksBuildPhase section */

/* Begin PBXGroup section */
		72A915381E689AE700D8E032 /* Communications */ = {
			isa = PBXGroup;
			children = (
				72A915601E69B18A00D8E032 /* json.hpp */,
				72A915391E689C5600D8E032 /* Communication.cpp */,
				72A9153A1E689C5600D8E032 /* Communication.hpp */,
				72A915351E689AAB00D8E032 /* HttpResponse.cpp */,
				72A915361E689AAB00D8E032 /* HttpResponse.hpp */,
				7290E5271E82A104008F1B9F /* PeerCommunication.cpp */,
				7290E5281E82A104008F1B9F /* PeerCommunication.hpp */,
			);
			name = Communications;
			sourceTree = "<group>";
		};
		72A9154B1E68DD8800D8E032 /* Buttons */ = {
			isa = PBXGroup;
			children = (
				72A915421E68DD8300D8E032 /* Button.cpp */,
				72A915431E68DD8300D8E032 /* Button.hpp */,
				72A915441E68DD8300D8E032 /* RectButton.cpp */,
				72A915451E68DD8300D8E032 /* RectButton.hpp */,
				72A915461E68DD8300D8E032 /* SelectorButton.cpp */,
				72A915471E68DD8300D8E032 /* SelectorButton.hpp */,
			);
			name = Buttons;
			sourceTree = "<group>";
		};
		72A915521E68E3CE00D8E032 /* TextInput */ = {
			isa = PBXGroup;
			children = (
				72A915571E68E56C00D8E032 /* BaseInput.cpp */,
				72A915581E68E56C00D8E032 /* BaseInput.hpp */,
				72A915591E68E56C00D8E032 /* TextInput.cpp */,
				72A9155A1E68E56C00D8E032 /* TextInput.hpp */,
				72A915651E6CC66B00D8E032 /* PasswordInput.cpp */,
				72A915661E6CC66B00D8E032 /* PasswordInput.hpp */,
			);
			name = TextInput;
			sourceTree = "<group>";
		};
		72A915531E68E3D800D8E032 /* GUI_Components */ = {
			isa = PBXGroup;
			children = (
				72A915521E68E3CE00D8E032 /* TextInput */,
				72BF1A3E1E65A142006AF761 /* Window */,
				72A9154B1E68DD8800D8E032 /* Buttons */,
				72BF1A3C1E65A127006AF761 /* Font */,
				72BF1A3B1E65A120006AF761 /* Handle */,
				72BF1A3A1E65A113006AF761 /* Texture */,
			);
			name = GUI_Components;
			sourceTree = "<group>";
		};
		72BF1A0F1E659D01006AF761 = {
			isa = PBXGroup;
			children = (
				72BF1A1A1E659D01006AF761 /* Chess */,
				72BF1A191E659D01006AF761 /* Products */,
				72BF1A251E659FEB006AF761 /* Frameworks */,
			);
			sourceTree = "<group>";
		};
		72BF1A191E659D01006AF761 /* Products */ = {
			isa = PBXGroup;
			children = (
				72BF1A181E659D01006AF761 /* Chess */,
			);
			name = Products;
			sourceTree = "<group>";
		};
		72BF1A1A1E659D01006AF761 /* Chess */ = {
			isa = PBXGroup;
			children = (
				72A915531E68E3D800D8E032 /* GUI_Components */,
				72BF1A3F1E65A150006AF761 /* Screen */,
				72BF1A1B1E659D01006AF761 /* main.cpp */,
				72BF1A491E65D2DF006AF761 /* Chess */,
				72A915381E689AE700D8E032 /* Communications */,
			);
			path = Chess;
			sourceTree = "<group>";
		};
		72BF1A251E659FEB006AF761 /* Frameworks */ = {
			isa = PBXGroup;
			children = (
				7290E5401E82A5AC008F1B9F /* libboost_system.dylib */,
				72A915331E68919200D8E032 /* libcurl.4.dylib */,
				72BF1A261E659FEB006AF761 /* SDL2_image.framework */,
				72BF1A271E659FEB006AF761 /* SDL2_mixer.framework */,
				72BF1A281E659FEB006AF761 /* SDL2_ttf.framework */,
				72BF1A291E659FEB006AF761 /* SDL2.framework */,
			);
			name = Frameworks;
			sourceTree = "<group>";
		};
		72BF1A3A1E65A113006AF761 /* Texture */ = {
			isa = PBXGroup;
			children = (
				72A9155D1E699D3700D8E032 /* CellTexture.cpp */,
				72A9155E1E699D3700D8E032 /* CellTexture.hpp */,
				72A9154C1E68E29500D8E032 /* Texture.cpp */,
				72A9154D1E68E29500D8E032 /* Texture.hpp */,
			);
			name = Texture;
			sourceTree = "<group>";
		};
		72BF1A3B1E65A120006AF761 /* Handle */ = {
			isa = PBXGroup;
			children = (
				72BF1A341E65A103006AF761 /* Handler.cpp */,
				72BF1A351E65A103006AF761 /* Handler.hpp */,
			);
			name = Handle;
			sourceTree = "<group>";
		};
		72BF1A3C1E65A127006AF761 /* Font */ = {
			isa = PBXGroup;
			children = (
				72BF1A311E65A0FC006AF761 /* Font.cpp */,
				72BF1A321E65A0FC006AF761 /* Font.hpp */,
			);
			name = Font;
			sourceTree = "<group>";
		};
		72BF1A3E1E65A142006AF761 /* Window */ = {
			isa = PBXGroup;
			children = (
				72BF1A2E1E65A024006AF761 /* Window.cpp */,
				72BF1A2F1E65A024006AF761 /* Window.hpp */,
			);
			name = Window;
			sourceTree = "<group>";
		};
		72BF1A3F1E65A150006AF761 /* Screen */ = {
			isa = PBXGroup;
			children = (
				72BF1A221E659F4E006AF761 /* ChessScreen.cpp */,
				72BF1A231E659F4E006AF761 /* ChessScreen.hpp */,
				72A9153C1E68D68500D8E032 /* LogInScreen.cpp */,
				72A9153D1E68D68500D8E032 /* LogInScreen.hpp */,
				72A9153F1E68D6EB00D8E032 /* Screen.cpp */,
				72A915401E68D6EB00D8E032 /* Screen.hpp */,
			);
			name = Screen;
			sourceTree = "<group>";
		};
		72BF1A491E65D2DF006AF761 /* Chess */ = {
			isa = PBXGroup;
			children = (
				72BF1A4D1E67313C006AF761 /* Pieces */,
				72BF1A431E65AA08006AF761 /* Cell.cpp */,
				72BF1A441E65AA08006AF761 /* Cell.hpp */,
				72BF1A401E65A432006AF761 /* Chess.cpp */,
				72BF1A411E65A432006AF761 /* Chess.hpp */,
				72F4DBED1E7198D400F7B270 /* Game_Logic */,
			);
			name = Chess;
			sourceTree = "<group>";
		};
		72BF1A4D1E67313C006AF761 /* Pieces */ = {
			isa = PBXGroup;
			children = (
				72BF1A4A1E67307E006AF761 /* Piece.cpp */,
				72BF1A4B1E67307E006AF761 /* Piece.hpp */,
				72BF1A4E1E67352F006AF761 /* Pawn.cpp */,
				72BF1A4F1E67352F006AF761 /* Pawn.hpp */,
				72BF1A511E673BEE006AF761 /* Rook.cpp */,
				72BF1A521E673BEE006AF761 /* Rook.hpp */,
				72BF1A551E673C76006AF761 /* Knight.cpp */,
				72BF1A561E673C76006AF761 /* Knight.hpp */,
				72BF1A581E673CC2006AF761 /* Bishop.cpp */,
				72BF1A591E673CC2006AF761 /* Bishop.hpp */,
				72BF1A5B1E673D17006AF761 /* Queen.cpp */,
				72BF1A5C1E673D17006AF761 /* Queen.hpp */,
				72BF1A5E1E673D56006AF761 /* King.cpp */,
				72BF1A5F1E673D56006AF761 /* King.hpp */,
			);
			name = Pieces;
			sourceTree = "<group>";
		};
		72F4DBED1E7198D400F7B270 /* Game_Logic */ = {
			isa = PBXGroup;
			children = (
				72A915681E6CD44600D8E032 /* BoardVerifier.cpp */,
				72A915691E6CD44600D8E032 /* BoardVerifier.hpp */,
				72F4DBEE1E71993A00F7B270 /* CellVerifier.cpp */,
				72F4DBEF1E71993A00F7B270 /* CellVerifier.hpp */,
			);
			name = Game_Logic;
			sourceTree = "<group>";
		};
/* End PBXGroup section */

/* Begin PBXNativeTarget section */
		72BF1A171E659D01006AF761 /* Chess */ = {
			isa = PBXNativeTarget;
			buildConfigurationList = 72BF1A1F1E659D01006AF761 /* Build configuration list for PBXNativeTarget "Chess" */;
			buildPhases = (
				72BF1A141E659D01006AF761 /* Sources */,
				72BF1A151E659D01006AF761 /* Frameworks */,
				72BF1A161E659D01006AF761 /* CopyFiles */,
			);
			buildRules = (
			);
			dependencies = (
			);
			name = Chess;
			productName = Chess;
			productReference = 72BF1A181E659D01006AF761 /* Chess */;
			productType = "com.apple.product-type.tool";
		};
/* End PBXNativeTarget section */

/* Begin PBXProject section */
		72BF1A101E659D01006AF761 /* Project object */ = {
			isa = PBXProject;
			attributes = {
				LastUpgradeCheck = 0820;
				ORGANIZATIONNAME = "Ricardo Martins";
				TargetAttributes = {
					72BF1A171E659D01006AF761 = {
						CreatedOnToolsVersion = 8.2.1;
						ProvisioningStyle = Automatic;
					};
				};
			};
			buildConfigurationList = 72BF1A131E659D01006AF761 /* Build configuration list for PBXProject "Chess" */;
			compatibilityVersion = "Xcode 3.2";
			developmentRegion = English;
			hasScannedForEncodings = 0;
			knownRegions = (
				en,
			);
			mainGroup = 72BF1A0F1E659D01006AF761;
			productRefGroup = 72BF1A191E659D01006AF761 /* Products */;
			projectDirPath = "";
			projectRoot = "";
			targets = (
				72BF1A171E659D01006AF761 /* Chess */,
			);
		};
/* End PBXProject section */

/* Begin PBXSourcesBuildPhase section */
		72BF1A141E659D01006AF761 /* Sources */ = {
			isa = PBXSourcesBuildPhase;
			buildActionMask = 2147483647;
			files = (
				7290E5291E82A104008F1B9F /* PeerCommunication.cpp in Sources */,
				72BF1A331E65A0FC006AF761 /* Font.cpp in Sources */,
				72A915491E68DD8300D8E032 /* RectButton.cpp in Sources */,
				72A9155F1E699D3700D8E032 /* CellTexture.cpp in Sources */,
				72BF1A531E673BEE006AF761 /* Rook.cpp in Sources */,
				72BF1A451E65AA08006AF761 /* Cell.cpp in Sources */,
				72BF1A421E65A432006AF761 /* Chess.cpp in Sources */,
				72BF1A4C1E67307E006AF761 /* Piece.cpp in Sources */,
				72A9153E1E68D68500D8E032 /* LogInScreen.cpp in Sources */,
				72A9154E1E68E29500D8E032 /* Texture.cpp in Sources */,
				72A915371E689AAB00D8E032 /* HttpResponse.cpp in Sources */,
				72A9155B1E68E56C00D8E032 /* BaseInput.cpp in Sources */,
				72A9155C1E68E56C00D8E032 /* TextInput.cpp in Sources */,
				72BF1A241E659F4E006AF761 /* ChessScreen.cpp in Sources */,
				72BF1A5D1E673D17006AF761 /* Queen.cpp in Sources */,
				72BF1A301E65A024006AF761 /* Window.cpp in Sources */,
				72A9154A1E68DD8300D8E032 /* SelectorButton.cpp in Sources */,
				72BF1A601E673D56006AF761 /* King.cpp in Sources */,
				72A915411E68D6EB00D8E032 /* Screen.cpp in Sources */,
				72BF1A571E673C76006AF761 /* Knight.cpp in Sources */,
				72A9156A1E6CD44600D8E032 /* BoardVerifier.cpp in Sources */,
				72A915671E6CC66B00D8E032 /* PasswordInput.cpp in Sources */,
				72F4DBF01E71993A00F7B270 /* CellVerifier.cpp in Sources */,
				72BF1A1C1E659D01006AF761 /* main.cpp in Sources */,
				72A915481E68DD8300D8E032 /* Button.cpp in Sources */,
				72BF1A361E65A103006AF761 /* Handler.cpp in Sources */,
				72BF1A501E67352F006AF761 /* Pawn.cpp in Sources */,
				72A9153B1E689C5600D8E032 /* Communication.cpp in Sources */,
				72BF1A5A1E673CC2006AF761 /* Bishop.cpp in Sources */,
			);
			runOnlyForDeploymentPostprocessing = 0;
		};
/* End PBXSourcesBuildPhase section */

/* Begin XCBuildConfiguration section */
		72BF1A1D1E659D01006AF761 /* Debug */ = {
			isa = XCBuildConfiguration;
			buildSettings = {
				ALWAYS_SEARCH_USER_PATHS = NO;
				CLANG_ANALYZER_NONNULL = YES;
				CLANG_CXX_LANGUAGE_STANDARD = "gnu++0x";
				CLANG_CXX_LIBRARY = "libc++";
				CLANG_ENABLE_MODULES = YES;
				CLANG_ENABLE_OBJC_ARC = YES;
				CLANG_WARN_BOOL_CONVERSION = YES;
				CLANG_WARN_CONSTANT_CONVERSION = YES;
				CLANG_WARN_DIRECT_OBJC_ISA_USAGE = YES_ERROR;
				CLANG_WARN_DOCUMENTATION_COMMENTS = YES;
				CLANG_WARN_EMPTY_BODY = YES;
				CLANG_WARN_ENUM_CONVERSION = YES;
				CLANG_WARN_INFINITE_RECURSION = YES;
				CLANG_WARN_INT_CONVERSION = YES;
				CLANG_WARN_OBJC_ROOT_CLASS = YES_ERROR;
				CLANG_WARN_SUSPICIOUS_MOVE = YES;
				CLANG_WARN_UNREACHABLE_CODE = YES;
				CLANG_WARN__DUPLICATE_METHOD_MATCH = YES;
				CODE_SIGN_IDENTITY = "-";
				COPY_PHASE_STRIP = NO;
				DEBUG_INFORMATION_FORMAT = dwarf;
				ENABLE_STRICT_OBJC_MSGSEND = YES;
				ENABLE_TESTABILITY = YES;
				GCC_C_LANGUAGE_STANDARD = gnu99;
				GCC_DYNAMIC_NO_PIC = NO;
				GCC_NO_COMMON_BLOCKS = YES;
				GCC_OPTIMIZATION_LEVEL = 0;
				GCC_PREPROCESSOR_DEFINITIONS = (
					"DEBUG=1",
					"$(inherited)",
				);
				GCC_WARN_64_TO_32_BIT_CONVERSION = YES;
				GCC_WARN_ABOUT_RETURN_TYPE = YES_ERROR;
				GCC_WARN_UNDECLARED_SELECTOR = YES;
				GCC_WARN_UNINITIALIZED_AUTOS = YES_AGGRESSIVE;
				GCC_WARN_UNUSED_FUNCTION = YES;
				GCC_WARN_UNUSED_VARIABLE = YES;
				MACOSX_DEPLOYMENT_TARGET = 10.12;
				MTL_ENABLE_DEBUG_INFO = YES;
				ONLY_ACTIVE_ARCH = YES;
				SDKROOT = macosx;
			};
			name = Debug;
		};
		72BF1A1E1E659D01006AF761 /* Release */ = {
			isa = XCBuildConfiguration;
			buildSettings = {
				ALWAYS_SEARCH_USER_PATHS = NO;
				CLANG_ANALYZER_NONNULL = YES;
				CLANG_CXX_LANGUAGE_STANDARD = "gnu++0x";
				CLANG_CXX_LIBRARY = "libc++";
				CLANG_ENABLE_MODULES = YES;
				CLANG_ENABLE_OBJC_ARC = YES;
				CLANG_WARN_BOOL_CONVERSION = YES;
				CLANG_WARN_CONSTANT_CONVERSION = YES;
				CLANG_WARN_DIRECT_OBJC_ISA_USAGE = YES_ERROR;
				CLANG_WARN_DOCUMENTATION_COMMENTS = YES;
				CLANG_WARN_EMPTY_BODY = YES;
				CLANG_WARN_ENUM_CONVERSION = YES;
				CLANG_WARN_INFINITE_RECURSION = YES;
				CLANG_WARN_INT_CONVERSION = YES;
				CLANG_WARN_OBJC_ROOT_CLASS = YES_ERROR;
				CLANG_WARN_SUSPICIOUS_MOVE = YES;
				CLANG_WARN_UNREACHABLE_CODE = YES;
				CLANG_WARN__DUPLICATE_METHOD_MATCH = YES;
				CODE_SIGN_IDENTITY = "-";
				COPY_PHASE_STRIP = NO;
				DEBUG_INFORMATION_FORMAT = "dwarf-with-dsym";
				ENABLE_NS_ASSERTIONS = NO;
				ENABLE_STRICT_OBJC_MSGSEND = YES;
				GCC_C_LANGUAGE_STANDARD = gnu99;
				GCC_NO_COMMON_BLOCKS = YES;
				GCC_WARN_64_TO_32_BIT_CONVERSION = YES;
				GCC_WARN_ABOUT_RETURN_TYPE = YES_ERROR;
				GCC_WARN_UNDECLARED_SELECTOR = YES;
				GCC_WARN_UNINITIALIZED_AUTOS = YES_AGGRESSIVE;
				GCC_WARN_UNUSED_FUNCTION = YES;
				GCC_WARN_UNUSED_VARIABLE = YES;
				MACOSX_DEPLOYMENT_TARGET = 10.12;
				MTL_ENABLE_DEBUG_INFO = NO;
				SDKROOT = macosx;
			};
			name = Release;
		};
		72BF1A201E659D01006AF761 /* Debug */ = {
			isa = XCBuildConfiguration;
			buildSettings = {
				FRAMEWORK_SEARCH_PATHS = (
					"$(inherited)",
					/usr/local/lib,
					"$(LOCAL_LIBRARY_DIR)/Frameworks",
				);
				HEADER_SEARCH_PATHS = /usr/local/include;
				LIBRARY_SEARCH_PATHS = (
					/usr/local/lib,
					/usr/local/Cellar/boost/1.63.0/lib,
				);
				PRODUCT_NAME = "$(TARGET_NAME)";
			};
			name = Debug;
		};
		72BF1A211E659D01006AF761 /* Release */ = {
			isa = XCBuildConfiguration;
			buildSettings = {
				FRAMEWORK_SEARCH_PATHS = (
					"$(inherited)",
					/usr/local/lib,
					"$(LOCAL_LIBRARY_DIR)/Frameworks",
				);
				HEADER_SEARCH_PATHS = /usr/local/include;
				LIBRARY_SEARCH_PATHS = (
					/usr/local/lib,
					/usr/local/Cellar/boost/1.63.0/lib,
				);
				PRODUCT_NAME = "$(TARGET_NAME)";
			};
			name = Release;
		};
/* End XCBuildConfiguration section */

/* Begin XCConfigurationList section */
		72BF1A131E659D01006AF761 /* Build configuration list for PBXProject "Chess" */ = {
			isa = XCConfigurationList;
			buildConfigurations = (
				72BF1A1D1E659D01006AF761 /* Debug */,
				72BF1A1E1E659D01006AF761 /* Release */,
			);
			defaultConfigurationIsVisible = 0;
			defaultConfigurationName = Release;
		};
		72BF1A1F1E659D01006AF761 /* Build configuration list for PBXNativeTarget "Chess" */ = {
			isa = XCConfigurationList;
			buildConfigurations = (
				72BF1A201E659D01006AF761 /* Debug */,
				72BF1A211E659D01006AF761 /* Release */,
			);
			defaultConfigurationIsVisible = 0;
			defaultConfigurationName = Release;
		};
/* End XCConfigurationList section */
	};
	rootObject = 72BF1A101E659D01006AF761 /* Project object */;
}
